
Microsoft Visual Studio Solution File, Format Version 12.00
# Visual Studio Version 17
VisualStudioVersion = 17.3.32811.315
MinimumVisualStudioVersion = 10.0.40219.1
Project("{FAE04EC0-301F-11D3-BF4B-00C04F79EFBC}") = "FunctionStarships", "FunctionStarships.csproj", "{9DF8171E-8036-45B0-939C-B88586275912}"
EndProject
Global
	GlobalSection(SolutionConfigurationPlatforms) = preSolution
		Debug|Any CPU = Debug|Any CPU
		Release|Any CPU = Release|Any CPU
	EndGlobalSection
	GlobalSection(ProjectConfigurationPlatforms) = postSolution
		{9DF8171E-8036-45B0-939C-B88586275912}.Debug|Any CPU.ActiveCfg = Debug|Any CPU
		{9DF8171E-8036-45B0-939C-B88586275912}.Debug|Any CPU.Build.0 = Debug|Any CPU
		{9DF8171E-8036-45B0-939C-B88586275912}.Release|Any CPU.ActiveCfg = Release|Any CPU
		{9DF8171E-8036-45B0-939C-B88586275912}.Release|Any CPU.Build.0 = Release|Any CPU
	EndGlobalSection
	GlobalSection(SolutionProperties) = preSolution
		HideSolutionNode = FALSE
	EndGlobalSection
	GlobalSection(ExtensibilityGlobals) = postSolution
		SolutionGuid = {0BBEB7FD-74BC-450D-A9CD-7445E812794E}
	EndGlobalSection
EndGlobal
